// !$*UTF8*$!
{
	archiveVersion = 1;
	classes = {
	};
	objectVersion = 46;
	objects = {

/* Begin PBXBuildFile section */
		6227ACEF1F0342D500C055FE /* main.m in Sources */ = {isa = PBXBuildFile; fileRef = 6227ACEE1F0342D500C055FE /* main.m */; };
		6227ACF21F0342D500C055FE /* AppDelegate.m in Sources */ = {isa = PBXBuildFile; fileRef = 6227ACF11F0342D500C055FE /* AppDelegate.m */; };
		6227ACF51F0342D500C055FE /* ViewController.m in Sources */ = {isa = PBXBuildFile; fileRef = 6227ACF41F0342D500C055FE /* ViewController.m */; };
		6227ACF81F0342D500C055FE /* Main.storyboard in Resources */ = {isa = PBXBuildFile; fileRef = 6227ACF61F0342D500C055FE /* Main.storyboard */; };
		6227ACFA1F0342D500C055FE /* Assets.xcassets in Resources */ = {isa = PBXBuildFile; fileRef = 6227ACF91F0342D500C055FE /* Assets.xcassets */; };
		6227ACFD1F0342D500C055FE /* LaunchScreen.storyboard in Resources */ = {isa = PBXBuildFile; fileRef = 6227ACFB1F0342D500C055FE /* LaunchScreen.storyboard */; };
/* End PBXBuildFile section */

/* Begin PBXFileReference section */
		6227ACEA1F0342D400C055FE /* test.app */ = {isa = PBXFileReference; explicitFileType = wrapper.application; includeInIndex = 0; path = test.app; sourceTree = BUILT_PRODUCTS_DIR; };
		6227ACEE1F0342D500C055FE /* main.m */ = {isa = PBXFileReference; lastKnownFileType = sourcecode.c.objc; path = main.m; sourceTree = "<group>"; };
		6227ACF01F0342D500C055FE /* AppDelegate.h */ = {isa = PBXFileReference; lastKnownFileType = sourcecode.c.h; path = AppDelegate.h; sourceTree = "<group>"; };
		6227ACF11F0342D500C055FE /* AppDelegate.m */ = {isa = PBXFileReference; lastKnownFileType = sourcecode.c.objc; path = AppDelegate.m; sourceTree = "<group>"; };
		6227ACF31F0342D500C055FE /* ViewController.h */ = {isa = PBXFileReference; lastKnownFileType = sourcecode.c.h; path = ViewController.h; sourceTree = "<group>"; };
		6227ACF41F0342D500C055FE /* ViewController.m */ = {isa = PBXFileReference; lastKnownFileType = sourcecode.c.objc; path = ViewController.m; sourceTree = "<group>"; };
		6227ACF71F0342D500C055FE /* Base */ = {isa = PBXFileReference; lastKnownFileType = file.storyboard; name = Base; path = Base.lproj/Main.storyboard; sourceTree = "<group>"; };
		6227ACF91F0342D500C055FE /* Assets.xcassets */ = {isa = PBXFileReference; lastKnownFileType = folder.assetcatalog; path = Assets.xcassets; sourceTree = "<group>"; };
		6227ACFC1F0342D500C055FE /* Base */ = {isa = PBXFileReference; lastKnownFileType = file.storyboard; name = Base; path = Base.lproj/LaunchScreen.storyboard; sourceTree = "<group>"; };
		6227ACFE1F0342D500C055FE /* Info.plist */ = {isa = PBXFileReference; lastKnownFileType = text.plist.xml; path = Info.plist; sourceTree = "<group>"; };
/* End PBXFileReference section */

/* Begin PBXFrameworksBuildPhase section */
		6227ACE71F0342D400C055FE /* Frameworks */ = {
			isa = PBXFrameworksBuildPhase;
			buildActionMask = 2147483647;
			files = (
			);
			runOnlyForDeploymentPostprocessing = 0;
		};
/* End PBXFrameworksBuildPhase section */

/* Begin PBXGroup section */
		6227ACE11F0342D400C055FE = {
			isa = PBXGroup;
			children = (
				6227ACEC1F0342D400C055FE /* test */,
				6227ACEB1F0342D400C055FE /* Products */,
			);
			sourceTree = "<group>";
		};
		6227ACEB1F0342D400C055FE /* Products */ = {
			isa = PBXGroup;
			children = (
				6227ACEA1F0342D400C055FE /* test.app */,
			);
			name = Products;
			sourceTree = "<group>";
		};
		6227ACEC1F0342D400C055FE /* test */ = {
			isa = PBXGroup;
			children = (
				6227ACF01F0342D500C055FE /* AppDelegate.h */,
				6227ACF11F0342D500C055FE /* AppDelegate.m */,
				6227ACF31F0342D500C055FE /* ViewController.h */,
				6227ACF41F0342D500C055FE /* ViewController.m */,
				6227ACF61F0342D500C055FE /* Main.storyboard */,
				6227ACF91F0342D500C055FE /* Assets.xcassets */,
				6227ACFB1F0342D500C055FE /* LaunchScreen.storyboard */,
				6227ACFE1F0342D500C055FE /* Info.plist */,
				6227ACED1F0342D500C055FE /* Supporting Files */,
			);
			path = test;
			sourceTree = "<group>";
		};
		6227ACED1F0342D500C055FE /* Supporting Files */ = {
			isa = PBXGroup;
			children = (
				6227ACEE1F0342D500C055FE /* main.m */,
			);
			name = "Supporting Files";
			sourceTree = "<group>";
		};
/* End PBXGroup section */

/* Begin PBXNativeTarget section */
		6227ACE91F0342D400C055FE /* test */ = {
			isa = PBXNativeTarget;
			buildConfigurationList = 6227AD011F0342D500C055FE /* Build configuration list for PBXNativeTarget "test" */;
			buildPhases = (
				6227ACE61F0342D400C055FE /* Sources */,
				6227ACE71F0342D400C055FE /* Frameworks */,
				6227ACE81F0342D400C055FE /* Resources */,
			);
			buildRules = (
			);
			dependencies = (
			);
			name = test;
			productName = test;
			productReference = 6227ACEA1F0342D400C055FE /* test.app */;
			productType = "com.apple.product-type.application";
		};
/* End PBXNativeTarget section */

/* Begin PBXProject section */
		6227ACE21F0342D400C055FE /* Project object */ = {
			isa = PBXProject;
			attributes = {
				LastUpgradeCheck = 0830;
				ORGANIZATIONNAME = com.fujia;
				TargetAttributes = {
					6227ACE91F0342D400C055FE = {
						CreatedOnToolsVersion = 8.3.2;
						DevelopmentTeam = 569DDDK7MT;
						ProvisioningStyle = Automatic;
					};
				};
			};
			buildConfigurationList = 6227ACE51F0342D400C055FE /* Build configuration list for PBXProject "test" */;
			compatibilityVersion = "Xcode 3.2";
			developmentRegion = English;
			hasScannedForEncodings = 0;
			knownRegions = (
				en,
				Base,
			);
			mainGroup = 6227ACE11F0342D400C055FE;
			productRefGroup = 6227ACEB1F0342D400C055FE /* Products */;
			projectDirPath = "";
			projectRoot = "";
			targets = (
				6227ACE91F0342D400C055FE /* test */,
			);
		};
/* End PBXProject section */

/* Begin PBXResourcesBuildPhase section */
		6227ACE81F0342D400C055FE /* Resources */ = {
			isa = PBXResourcesBuildPhase;
			buildActionMask = 2147483647;
			files = (
				6227ACFD1F0342D500C055FE /* LaunchScreen.storyboard in Resources */,
				6227ACFA1F0342D500C055FE /* Assets.xcassets in Resources */,
				6227ACF81F0342D500C055FE /* Main.storyboard in Resources */,
			);
			runOnlyForDeploymentPostprocessing = 0;
		};
/* End PBXResourcesBuildPhase section */

/* Begin PBXSourcesBuildPhase section */
		6227ACE61F0342D400C055FE /* Sources */ = {
			isa = PBXSourcesBuildPhase;
			buildActionMask = 2147483647;
			files = (
				6227ACF51F0342D500C055FE /* ViewController.m in Sources */,
				6227ACF21F0342D500C055FE /* AppDelegate.m in Sources */,
				6227ACEF1F0342D500C055FE /* main.m in Sources */,
			);
			runOnlyForDeploymentPostprocessing = 0;
		};
/* End PBXSourcesBuildPhase section */

/* Begin PBXVariantGroup section */
		6227ACF61F0342D500C055FE /* Main.storyboard */ = {
			isa = PBXVariantGroup;
			children = (
				6227ACF71F0342D500C055FE /* Base */,
			);
			name = Main.storyboard;
			sourceTree = "<group>";
		};
		6227ACFB1F0342D500C055FE /* LaunchScreen.storyboard */ = {
			isa = PBXVariantGroup;
			children = (
				6227ACFC1F0342D500C055FE /* Base */,
			);
			name = LaunchScreen.storyboard;
			sourceTree = "<group>";
		};
/* End PBXVariantGroup section */

/* Begin XCBuildConfiguration section */
		6227ACFF1F0342D500C055FE /* Debug */ = {
			isa = XCBuildConfiguration;
			buildSettings = {
				ALWAYS_SEARCH_USER_PATHS = NO;
				CLANG_ANALYZER_NONNULL = YES;
				CLANG_ANALYZER_NUMBER_OBJECT_CONVERSION = YES_AGGRESSIVE;
				CLANG_CXX_LANGUAGE_STANDARD = "gnu++0x";
				CLANG_CXX_LIBRARY = "libc++";
				CLANG_ENABLE_MODULES = YES;
				CLANG_ENABLE_OBJC_ARC = YES;
				CLANG_WARN_BOOL_CONVERSION = YES;
				CLANG_WARN_CONSTANT_CONVERSION = YES;
				CLANG_WARN_DIRECT_OBJC_ISA_USAGE = YES_ERROR;
				CLANG_WARN_DOCUMENTATION_COMMENTS = YES;
				CLANG_WARN_EMPTY_BODY = YES;
				CLANG_WARN_ENUM_CONVERSION = YES;
				CLANG_WARN_INFINITE_RECURSION = YES;
				CLANG_WARN_INT_CONVERSION = YES;
				CLANG_WARN_OBJC_ROOT_CLASS = YES_ERROR;
				CLANG_WARN_SUSPICIOUS_MOVE = YES;
				CLANG_WARN_UNREACHABLE_CODE = YES;
				CLANG_WARN__DUPLICATE_METHOD_MATCH = YES;
				"CODE_SIGN_IDENTITY[sdk=iphoneos*]" = "iPhone Developer";
				COPY_PHASE_STRIP = NO;
				DEBUG_INFORMATION_FORMAT = dwarf;
				ENABLE_STRICT_OBJC_MSGSEND = YES;
				ENABLE_TESTABILITY = YES;
				GCC_C_LANGUAGE_STANDARD = gnu99;
				GCC_DYNAMIC_NO_PIC = NO;
				GCC_NO_COMMON_BLOCKS = YES;
				GCC_OPTIMIZATION_LEVEL = 0;
				GCC_PREPROCESSOR_DEFINITIONS = (
					"DEBUG=1",
					"$(inherited)",
				);
				GCC_WARN_64_TO_32_BIT_CONVERSION = YES;
				GCC_WARN_ABOUT_RETURN_TYPE = YES_ERROR;
				GCC_WARN_UNDECLARED_SELECTOR = YES;
				GCC_WARN_UNINITIALIZED_AUTOS = YES_AGGRESSIVE;
				GCC_WARN_UNUSED_FUNCTION = YES;
				GCC_WARN_UNUSED_VARIABLE = YES;
				IPHONEOS_DEPLOYMENT_TARGET = 10.3;
				MTL_ENABLE_DEBUG_INFO = YES;
				ONLY_ACTIVE_ARCH = YES;
				SDKROOT = iphoneos;
			};
			name = Debug;
		};
		6227AD001F0342D500C055FE /* Release */ = {
			isa = XCBuildConfiguration;
			buildSettings = {
				ALWAYS_SEARCH_USER_PATHS = NO;
				CLANG_ANALYZER_NONNULL = YES;
				CLANG_ANALYZER_NUMBER_OBJECT_CONVERSION = YES_AGGRESSIVE;
				CLANG_CXX_LANGUAGE_STANDARD = "gnu++0x";
				CLANG_CXX_LIBRARY = "libc++";
				CLANG_ENABLE_MODULES = YES;
				CLANG_ENABLE_OBJC_ARC = YES;
				CLANG_WARN_BOOL_CONVERSION = YES;
				CLANG_WARN_CONSTANT_CONVERSION = YES;
				CLANG_WARN_DIRECT_OBJC_ISA_USAGE = YES_ERROR;
				CLANG_WARN_DOCUMENTATION_COMMENTS = YES;
				CLANG_WARN_EMPTY_BODY = YES;
				CLANG_WARN_ENUM_CONVERSION = YES;
				CLANG_WARN_INFINITE_RECURSION = YES;
				CLANG_WARN_INT_CONVERSION = YES;
				CLANG_WARN_OBJC_ROOT_CLASS = YES_ERROR;
				CLANG_WARN_SUSPICIOUS_MOVE = YES;
				CLANG_WARN_UNREACHABLE_CODE = YES;
				CLANG_WARN__DUPLICATE_METHOD_MATCH = YES;
				"CODE_SIGN_IDENTITY[sdk=iphoneos*]" = "iPhone Developer";
				COPY_PHASE_STRIP = NO;
				DEBUG_INFORMATION_FORMAT = "dwarf-with-dsym";
				ENABLE_NS_ASSERTIONS = NO;
				ENABLE_STRICT_OBJC_MSGSEND = YES;
				GCC_C_LANGUAGE_STANDARD = gnu99;
				GCC_NO_COMMON_BLOCKS = YES;
				GCC_WARN_64_TO_32_BIT_CONVERSION = YES;
				GCC_WARN_ABOUT_RETURN_TYPE = YES_ERROR;
				GCC_WARN_UNDECLARED_SELECTOR = YES;
				GCC_WARN_UNINITIALIZED_AUTOS = YES_AGGRESSIVE;
				GCC_WARN_UNUSED_FUNCTION = YES;
				GCC_WARN_UNUSED_VARIABLE = YES;
				IPHONEOS_DEPLOYMENT_TARGET = 10.3;
				MTL_ENABLE_DEBUG_INFO = NO;
				SDKROOT = iphoneos;
				VALIDATE_PRODUCT = YES;
			};
			name = Release;
		};
		6227AD021F0342D500C055FE /* Debug */ = {
			isa = XCBuildConfiguration;
			buildSettings = {
				ASSETCATALOG_COMPILER_APPICON_NAME = AppIcon;
				DEVELOPMENT_TEAM = 569DDDK7MT;
				INFOPLIST_FILE = test/Info.plist;
				LD_RUNPATH_SEARCH_PATHS = "$(inherited) @executable_path/Frameworks";
				PRODUCT_BUNDLE_IDENTIFIER = ss.test;
				PRODUCT_NAME = "$(TARGET_NAME)";
			};
			name = Debug;
		};
		6227AD031F0342D500C055FE /* Release */ = {
			isa = XCBuildConfiguration;
			buildSettings = {
				ASSETCATALOG_COMPILER_APPICON_NAME = AppIcon;
				DEVELOPMENT_TEAM = 569DDDK7MT;
				INFOPLIST_FILE = test/Info.plist;
				LD_RUNPATH_SEARCH_PATHS = "$(inherited) @executable_path/Frameworks";
				PRODUCT_BUNDLE_IDENTIFIER = ss.test;
				PRODUCT_NAME = "$(TARGET_NAME)";
			};
			name = Release;
		};
/* End XCBuildConfiguration section */

/* Begin XCConfigurationList section */
		6227ACE51F0342D400C055FE /* Build configuration list for PBXProject "test" */ = {
			isa = XCConfigurationList;
			buildConfigurations = (
				6227ACFF1F0342D500C055FE /* Debug */,
				6227AD001F0342D500C055FE /* Release */,
			);
			defaultConfigurationIsVisible = 0;
			defaultConfigurationName = Release;
		};
		6227AD011F0342D500C055FE /* Build configuration list for PBXNativeTarget "test" */ = {
			isa = XCConfigurationList;
			buildConfigurations = (
				6227AD021F0342D500C055FE /* Debug */,
				6227AD031F0342D500C055FE /* Release */,
			);
			defaultConfigurationIsVisible = 0;
		};
/* End XCConfigurationList section */
	};
	rootObject = 6227ACE21F0342D400C055FE /* Project object */;
}
